
Microsoft Visual Studio Solution File, Format Version 12.00
# Visual Studio Version 17
VisualStudioVersion = 17.3.32929.385
MinimumVisualStudioVersion = 10.0.40219.1
Project("{FAE04EC0-301F-11D3-BF4B-00C04F79EFBC}") = "FIle_Json", "FIle_Json.csproj", "{DFB5AD07-FDE1-48D2-BA1E-751792767647}"
EndProject
Project("{FAE04EC0-301F-11D3-BF4B-00C04F79EFBC}") = "Entity", "..\Entity\Entity.csproj", "{DEDA7C39-ECAA-4591-81F4-8E5023AD40DB}"
EndProject
Project("{FAE04EC0-301F-11D3-BF4B-00C04F79EFBC}") = "DataLayer", "..\DataLayer\DataLayer.csproj", "{2C10E6CE-0110-4167-98CB-5F1C8202EA90}"
EndProject
Project("{FAE04EC0-301F-11D3-BF4B-00C04F79EFBC}") = "BusinessLogicLayer", "..\BusinessLogicLayer\BusinessLogicLayer.csproj", "{A51DE17F-671E-4F1E-B67E-FCDC5C44AAFB}"
EndProject
Global
	GlobalSection(SolutionConfigurationPlatforms) = preSolution
		Debug|Any CPU = Debug|Any CPU
		Release|Any CPU = Release|Any CPU
	EndGlobalSection
	GlobalSection(ProjectConfigurationPlatforms) = postSolution
		{DFB5AD07-FDE1-48D2-BA1E-751792767647}.Debug|Any CPU.ActiveCfg = Debug|Any CPU
		{DFB5AD07-FDE1-48D2-BA1E-751792767647}.Debug|Any CPU.Build.0 = Debug|Any CPU
		{DFB5AD07-FDE1-48D2-BA1E-751792767647}.Release|Any CPU.ActiveCfg = Release|Any CPU
		{DFB5AD07-FDE1-48D2-BA1E-751792767647}.Release|Any CPU.Build.0 = Release|Any CPU
		{DEDA7C39-ECAA-4591-81F4-8E5023AD40DB}.Debug|Any CPU.ActiveCfg = Debug|Any CPU
		{DEDA7C39-ECAA-4591-81F4-8E5023AD40DB}.Debug|Any CPU.Build.0 = Debug|Any CPU
		{DEDA7C39-ECAA-4591-81F4-8E5023AD40DB}.Release|Any CPU.ActiveCfg = Release|Any CPU
		{DEDA7C39-ECAA-4591-81F4-8E5023AD40DB}.Release|Any CPU.Build.0 = Release|Any CPU
		{2C10E6CE-0110-4167-98CB-5F1C8202EA90}.Debug|Any CPU.ActiveCfg = Debug|Any CPU
		{2C10E6CE-0110-4167-98CB-5F1C8202EA90}.Debug|Any CPU.Build.0 = Debug|Any CPU
		{2C10E6CE-0110-4167-98CB-5F1C8202EA90}.Release|Any CPU.ActiveCfg = Release|Any CPU
		{2C10E6CE-0110-4167-98CB-5F1C8202EA90}.Release|Any CPU.Build.0 = Release|Any CPU
		{A51DE17F-671E-4F1E-B67E-FCDC5C44AAFB}.Debug|Any CPU.ActiveCfg = Debug|Any CPU
		{A51DE17F-671E-4F1E-B67E-FCDC5C44AAFB}.Debug|Any CPU.Build.0 = Debug|Any CPU
		{A51DE17F-671E-4F1E-B67E-FCDC5C44AAFB}.Release|Any CPU.ActiveCfg = Release|Any CPU
		{A51DE17F-671E-4F1E-B67E-FCDC5C44AAFB}.Release|Any CPU.Build.0 = Release|Any CPU
	EndGlobalSection
	GlobalSection(SolutionProperties) = preSolution
		HideSolutionNode = FALSE
	EndGlobalSection
	GlobalSection(ExtensibilityGlobals) = postSolution
		SolutionGuid = {8921CDF9-FB6D-4CFC-9BFB-E003AFB2CFEB}
	EndGlobalSection
EndGlobal
